
Microsoft Visual Studio Solution File, Format Version 12.00
# Visual Studio 15
VisualStudioVersion = 15.0.27130.2024
MinimumVisualStudioVersion = 10.0.40219.1
Project("{FAE04EC0-301F-11D3-BF4B-00C04F79EFBC}") = "SocketClient", "SocketClient\SocketClient.csproj", "{878193A6-7B83-4D0D-843E-736A6C0EF201}"
EndProject
Global
	GlobalSection(SolutionConfigurationPlatforms) = preSolution
		Debug|Any CPU = Debug|Any CPU
		Release|Any CPU = Release|Any CPU
	EndGlobalSection
	GlobalSection(ProjectConfigurationPlatforms) = postSolution
		{878193A6-7B83-4D0D-843E-736A6C0EF201}.Debug|Any CPU.ActiveCfg = Debug|Any CPU
		{878193A6-7B83-4D0D-843E-736A6C0EF201}.Debug|Any CPU.Build.0 = Debug|Any CPU
		{878193A6-7B83-4D0D-843E-736A6C0EF201}.Release|Any CPU.ActiveCfg = Release|Any CPU
		{878193A6-7B83-4D0D-843E-736A6C0EF201}.Release|Any CPU.Build.0 = Release|Any CPU
	EndGlobalSection
	GlobalSection(SolutionProperties) = preSolution
		HideSolutionNode = FALSE
	EndGlobalSection
	GlobalSection(ExtensibilityGlobals) = postSolution
		SolutionGuid = {1CBAE600-CA2A-4642-AEAD-903F656B74EB}
	EndGlobalSection
EndGlobal
